
Microsoft Visual Studio Solution File, Format Version 12.00
# Visual Studio Version 17
VisualStudioVersion = 17.5.33516.290
MinimumVisualStudioVersion = 10.0.40219.1
Project("{9A19103F-16F7-4668-BE54-9A1E7A4F7556}") = "FirstProject", "FirstProject\FirstProject.csproj", "{805D0BC0-689C-47D5-991E-1A0BFDBAF03E}"
EndProject
Project("{9A19103F-16F7-4668-BE54-9A1E7A4F7556}") = "Conditional Statements", "Conditional Statements\Conditional Statements.csproj", "{0CE11A01-B49C-4D83-B281-F32AE27C4502}"
EndProject
Project("{9A19103F-16F7-4668-BE54-9A1E7A4F7556}") = "Regnespil", "Regnespil\Regnespil.csproj", "{606F68FC-5343-49AE-9C78-B85B90A0A41F}"
EndProject
Project("{9A19103F-16F7-4668-BE54-9A1E7A4F7556}") = "TestXUnit", "TestXUnit\TestXUnit.csproj", "{B9E4E543-766F-48DE-B627-829DBFEF5CEA}"
EndProject
Project("{9A19103F-16F7-4668-BE54-9A1E7A4F7556}") = "Loops", "Loops\Loops.csproj", "{769E162B-BDFA-4C76-9293-812262F8EDF2}"
EndProject
Project("{9A19103F-16F7-4668-BE54-9A1E7A4F7556}") = "Strings", "Strings\Strings.csproj", "{C9389445-5C44-4CD0-A204-338A45B223E7}"
EndProject
Project("{9A19103F-16F7-4668-BE54-9A1E7A4F7556}") = "OddManOut", "OddManOut\OddManOut.csproj", "{91183C7E-DC4D-4E41-B7C0-6F3F7C733EFB}"
EndProject
Project("{9A19103F-16F7-4668-BE54-9A1E7A4F7556}") = "TerningSpil", "TerningSpil\TerningSpil.csproj", "{54C3CC71-C312-4F51-B247-AAA876498CD8}"
EndProject
Project("{9A19103F-16F7-4668-BE54-9A1E7A4F7556}") = "Yatzy", "Yatzy\Yatzy.csproj", "{F60EC82C-4EDF-459B-B7EF-4B8CBAD30BC0}"
EndProject
Project("{2150E333-8FDC-42A3-9474-1A3956D46DE8}") = "Pengeinstitut", "Pengeinstitut", "{CF598E46-FB8A-4097-B6D9-903E83724A6F}"
EndProject
Project("{9A19103F-16F7-4668-BE54-9A1E7A4F7556}") = "Front", "Front\Front.csproj", "{D38776E0-B2CC-4F50-B433-8F27A34DF807}"
EndProject
Project("{9A19103F-16F7-4668-BE54-9A1E7A4F7556}") = "BLL", "BLL\BLL.csproj", "{E108AD38-408F-46D8-9F76-8A73964EE7AE}"
EndProject
Project("{9A19103F-16F7-4668-BE54-9A1E7A4F7556}") = "DAL", "DAL\DAL.csproj", "{734DA067-F4CF-4F0A-9CA4-81082087F290}"
EndProject
Project("{2150E333-8FDC-42A3-9474-1A3956D46DE8}") = "CleanCodingPrinciples", "CleanCodingPrinciples", "{B84C8EBE-969E-4AD3-B937-B3E1BAE40578}"
EndProject
Project("{9A19103F-16F7-4668-BE54-9A1E7A4F7556}") = "Plukliste", "Plukliste\Plukliste.csproj", "{362F5B8A-383F-4ACF-B621-AC63BD45982B}"
EndProject
Project("{9A19103F-16F7-4668-BE54-9A1E7A4F7556}") = "TestConsoleApp", "TestConsoleApp\TestConsoleApp.csproj", "{2BA51AE4-6A43-4723-8D37-4E4665B1B638}"
EndProject
Project("{9A19103F-16F7-4668-BE54-9A1E7A4F7556}") = "PluklisteWeb", "PluklisteWeb\PluklisteWeb.csproj", "{1DF78568-5EB1-475B-BC55-EF3FF77BAF27}"
EndProject
Project("{9A19103F-16F7-4668-BE54-9A1E7A4F7556}") = "PluklisteLib", "PluklisteLib\PluklisteLib.csproj", "{EBC56D52-1DBB-4C20-A99F-A9B410AA81B2}"
EndProject
Project("{9A19103F-16F7-4668-BE54-9A1E7A4F7556}") = "PluklisteWebApi", "PluklisteWebApi\PluklisteWebApi.csproj", "{8874941F-3172-468A-A8A6-39712CE58494}"
EndProject
Project("{9A19103F-16F7-4668-BE54-9A1E7A4F7556}") = "SqlLib", "SqlLib\SqlLib.csproj", "{D1575CE2-DE1A-43A6-BE80-3661718E065D}"
EndProject
Project("{9A19103F-16F7-4668-BE54-9A1E7A4F7556}") = "AgileUdvikling", "AgileUdvikling\AgileUdvikling.csproj", "{B37A89CC-BA31-4108-9121-ED7F916E4081}"
EndProject
Project("{9A19103F-16F7-4668-BE54-9A1E7A4F7556}") = "TestConsole", "TestConsole\TestConsole.csproj", "{996F75BF-12E3-4F1F-87E1-0199E70E94CD}"
EndProject
Project("{FAE04EC0-301F-11D3-BF4B-00C04F79EFBC}") = "PluklisteService", "PluklisteService\PluklisteService.csproj", "{2018C72A-B9EF-4C4D-9FDA-2E993B791E4E}"
EndProject
Global
	GlobalSection(SolutionConfigurationPlatforms) = preSolution
		Debug|Any CPU = Debug|Any CPU
		Release|Any CPU = Release|Any CPU
	EndGlobalSection
	GlobalSection(ProjectConfigurationPlatforms) = postSolution
		{805D0BC0-689C-47D5-991E-1A0BFDBAF03E}.Debug|Any CPU.ActiveCfg = Debug|Any CPU
		{805D0BC0-689C-47D5-991E-1A0BFDBAF03E}.Debug|Any CPU.Build.0 = Debug|Any CPU
		{805D0BC0-689C-47D5-991E-1A0BFDBAF03E}.Release|Any CPU.ActiveCfg = Release|Any CPU
		{805D0BC0-689C-47D5-991E-1A0BFDBAF03E}.Release|Any CPU.Build.0 = Release|Any CPU
		{0CE11A01-B49C-4D83-B281-F32AE27C4502}.Debug|Any CPU.ActiveCfg = Debug|Any CPU
		{0CE11A01-B49C-4D83-B281-F32AE27C4502}.Debug|Any CPU.Build.0 = Debug|Any CPU
		{0CE11A01-B49C-4D83-B281-F32AE27C4502}.Release|Any CPU.ActiveCfg = Release|Any CPU
		{0CE11A01-B49C-4D83-B281-F32AE27C4502}.Release|Any CPU.Build.0 = Release|Any CPU
		{606F68FC-5343-49AE-9C78-B85B90A0A41F}.Debug|Any CPU.ActiveCfg = Debug|Any CPU
		{606F68FC-5343-49AE-9C78-B85B90A0A41F}.Debug|Any CPU.Build.0 = Debug|Any CPU
		{606F68FC-5343-49AE-9C78-B85B90A0A41F}.Release|Any CPU.ActiveCfg = Release|Any CPU
		{606F68FC-5343-49AE-9C78-B85B90A0A41F}.Release|Any CPU.Build.0 = Release|Any CPU
		{B9E4E543-766F-48DE-B627-829DBFEF5CEA}.Debug|Any CPU.ActiveCfg = Debug|Any CPU
		{B9E4E543-766F-48DE-B627-829DBFEF5CEA}.Debug|Any CPU.Build.0 = Debug|Any CPU
		{B9E4E543-766F-48DE-B627-829DBFEF5CEA}.Release|Any CPU.ActiveCfg = Release|Any CPU
		{B9E4E543-766F-48DE-B627-829DBFEF5CEA}.Release|Any CPU.Build.0 = Release|Any CPU
		{769E162B-BDFA-4C76-9293-812262F8EDF2}.Debug|Any CPU.ActiveCfg = Debug|Any CPU
		{769E162B-BDFA-4C76-9293-812262F8EDF2}.Debug|Any CPU.Build.0 = Debug|Any CPU
		{769E162B-BDFA-4C76-9293-812262F8EDF2}.Release|Any CPU.ActiveCfg = Release|Any CPU
		{769E162B-BDFA-4C76-9293-812262F8EDF2}.Release|Any CPU.Build.0 = Release|Any CPU
		{C9389445-5C44-4CD0-A204-338A45B223E7}.Debug|Any CPU.ActiveCfg = Debug|Any CPU
		{C9389445-5C44-4CD0-A204-338A45B223E7}.Debug|Any CPU.Build.0 = Debug|Any CPU
		{C9389445-5C44-4CD0-A204-338A45B223E7}.Release|Any CPU.ActiveCfg = Release|Any CPU
		{C9389445-5C44-4CD0-A204-338A45B223E7}.Release|Any CPU.Build.0 = Release|Any CPU
		{91183C7E-DC4D-4E41-B7C0-6F3F7C733EFB}.Debug|Any CPU.ActiveCfg = Debug|Any CPU
		{91183C7E-DC4D-4E41-B7C0-6F3F7C733EFB}.Debug|Any CPU.Build.0 = Debug|Any CPU
		{91183C7E-DC4D-4E41-B7C0-6F3F7C733EFB}.Release|Any CPU.ActiveCfg = Release|Any CPU
		{91183C7E-DC4D-4E41-B7C0-6F3F7C733EFB}.Release|Any CPU.Build.0 = Release|Any CPU
		{54C3CC71-C312-4F51-B247-AAA876498CD8}.Debug|Any CPU.ActiveCfg = Debug|Any CPU
		{54C3CC71-C312-4F51-B247-AAA876498CD8}.Debug|Any CPU.Build.0 = Debug|Any CPU
		{54C3CC71-C312-4F51-B247-AAA876498CD8}.Release|Any CPU.ActiveCfg = Release|Any CPU
		{54C3CC71-C312-4F51-B247-AAA876498CD8}.Release|Any CPU.Build.0 = Release|Any CPU
		{F60EC82C-4EDF-459B-B7EF-4B8CBAD30BC0}.Debug|Any CPU.ActiveCfg = Debug|Any CPU
		{F60EC82C-4EDF-459B-B7EF-4B8CBAD30BC0}.Debug|Any CPU.Build.0 = Debug|Any CPU
		{F60EC82C-4EDF-459B-B7EF-4B8CBAD30BC0}.Release|Any CPU.ActiveCfg = Release|Any CPU
		{F60EC82C-4EDF-459B-B7EF-4B8CBAD30BC0}.Release|Any CPU.Build.0 = Release|Any CPU
		{D38776E0-B2CC-4F50-B433-8F27A34DF807}.Debug|Any CPU.ActiveCfg = Debug|Any CPU
		{D38776E0-B2CC-4F50-B433-8F27A34DF807}.Debug|Any CPU.Build.0 = Debug|Any CPU
		{D38776E0-B2CC-4F50-B433-8F27A34DF807}.Release|Any CPU.ActiveCfg = Release|Any CPU
		{D38776E0-B2CC-4F50-B433-8F27A34DF807}.Release|Any CPU.Build.0 = Release|Any CPU
		{E108AD38-408F-46D8-9F76-8A73964EE7AE}.Debug|Any CPU.ActiveCfg = Debug|Any CPU
		{E108AD38-408F-46D8-9F76-8A73964EE7AE}.Debug|Any CPU.Build.0 = Debug|Any CPU
		{E108AD38-408F-46D8-9F76-8A73964EE7AE}.Release|Any CPU.ActiveCfg = Release|Any CPU
		{E108AD38-408F-46D8-9F76-8A73964EE7AE}.Release|Any CPU.Build.0 = Release|Any CPU
		{734DA067-F4CF-4F0A-9CA4-81082087F290}.Debug|Any CPU.ActiveCfg = Debug|Any CPU
		{734DA067-F4CF-4F0A-9CA4-81082087F290}.Debug|Any CPU.Build.0 = Debug|Any CPU
		{734DA067-F4CF-4F0A-9CA4-81082087F290}.Release|Any CPU.ActiveCfg = Release|Any CPU
		{734DA067-F4CF-4F0A-9CA4-81082087F290}.Release|Any CPU.Build.0 = Release|Any CPU
		{362F5B8A-383F-4ACF-B621-AC63BD45982B}.Debug|Any CPU.ActiveCfg = Debug|Any CPU
		{362F5B8A-383F-4ACF-B621-AC63BD45982B}.Debug|Any CPU.Build.0 = Debug|Any CPU
		{362F5B8A-383F-4ACF-B621-AC63BD45982B}.Release|Any CPU.ActiveCfg = Release|Any CPU
		{362F5B8A-383F-4ACF-B621-AC63BD45982B}.Release|Any CPU.Build.0 = Release|Any CPU
		{2BA51AE4-6A43-4723-8D37-4E4665B1B638}.Debug|Any CPU.ActiveCfg = Debug|Any CPU
		{2BA51AE4-6A43-4723-8D37-4E4665B1B638}.Debug|Any CPU.Build.0 = Debug|Any CPU
		{2BA51AE4-6A43-4723-8D37-4E4665B1B638}.Release|Any CPU.ActiveCfg = Release|Any CPU
		{2BA51AE4-6A43-4723-8D37-4E4665B1B638}.Release|Any CPU.Build.0 = Release|Any CPU
		{1DF78568-5EB1-475B-BC55-EF3FF77BAF27}.Debug|Any CPU.ActiveCfg = Debug|Any CPU
		{1DF78568-5EB1-475B-BC55-EF3FF77BAF27}.Debug|Any CPU.Build.0 = Debug|Any CPU
		{1DF78568-5EB1-475B-BC55-EF3FF77BAF27}.Release|Any CPU.ActiveCfg = Release|Any CPU
		{1DF78568-5EB1-475B-BC55-EF3FF77BAF27}.Release|Any CPU.Build.0 = Release|Any CPU
		{EBC56D52-1DBB-4C20-A99F-A9B410AA81B2}.Debug|Any CPU.ActiveCfg = Debug|Any CPU
		{EBC56D52-1DBB-4C20-A99F-A9B410AA81B2}.Debug|Any CPU.Build.0 = Debug|Any CPU
		{EBC56D52-1DBB-4C20-A99F-A9B410AA81B2}.Release|Any CPU.ActiveCfg = Release|Any CPU
		{EBC56D52-1DBB-4C20-A99F-A9B410AA81B2}.Release|Any CPU.Build.0 = Release|Any CPU
		{8874941F-3172-468A-A8A6-39712CE58494}.Debug|Any CPU.ActiveCfg = Debug|Any CPU
		{8874941F-3172-468A-A8A6-39712CE58494}.Debug|Any CPU.Build.0 = Debug|Any CPU
		{8874941F-3172-468A-A8A6-39712CE58494}.Release|Any CPU.ActiveCfg = Release|Any CPU
		{8874941F-3172-468A-A8A6-39712CE58494}.Release|Any CPU.Build.0 = Release|Any CPU
		{D1575CE2-DE1A-43A6-BE80-3661718E065D}.Debug|Any CPU.ActiveCfg = Debug|Any CPU
		{D1575CE2-DE1A-43A6-BE80-3661718E065D}.Debug|Any CPU.Build.0 = Debug|Any CPU
		{D1575CE2-DE1A-43A6-BE80-3661718E065D}.Release|Any CPU.ActiveCfg = Release|Any CPU
		{D1575CE2-DE1A-43A6-BE80-3661718E065D}.Release|Any CPU.Build.0 = Release|Any CPU
		{B37A89CC-BA31-4108-9121-ED7F916E4081}.Debug|Any CPU.ActiveCfg = Debug|Any CPU
		{B37A89CC-BA31-4108-9121-ED7F916E4081}.Debug|Any CPU.Build.0 = Debug|Any CPU
		{B37A89CC-BA31-4108-9121-ED7F916E4081}.Release|Any CPU.ActiveCfg = Release|Any CPU
		{B37A89CC-BA31-4108-9121-ED7F916E4081}.Release|Any CPU.Build.0 = Release|Any CPU
		{996F75BF-12E3-4F1F-87E1-0199E70E94CD}.Debug|Any CPU.ActiveCfg = Debug|Any CPU
		{996F75BF-12E3-4F1F-87E1-0199E70E94CD}.Debug|Any CPU.Build.0 = Debug|Any CPU
		{996F75BF-12E3-4F1F-87E1-0199E70E94CD}.Release|Any CPU.ActiveCfg = Release|Any CPU
		{996F75BF-12E3-4F1F-87E1-0199E70E94CD}.Release|Any CPU.Build.0 = Release|Any CPU
		{2018C72A-B9EF-4C4D-9FDA-2E993B791E4E}.Debug|Any CPU.ActiveCfg = Debug|Any CPU
		{2018C72A-B9EF-4C4D-9FDA-2E993B791E4E}.Debug|Any CPU.Build.0 = Debug|Any CPU
		{2018C72A-B9EF-4C4D-9FDA-2E993B791E4E}.Release|Any CPU.ActiveCfg = Release|Any CPU
		{2018C72A-B9EF-4C4D-9FDA-2E993B791E4E}.Release|Any CPU.Build.0 = Release|Any CPU
	EndGlobalSection
	GlobalSection(SolutionProperties) = preSolution
		HideSolutionNode = FALSE
	EndGlobalSection
	GlobalSection(NestedProjects) = preSolution
		{D38776E0-B2CC-4F50-B433-8F27A34DF807} = {CF598E46-FB8A-4097-B6D9-903E83724A6F}
		{E108AD38-408F-46D8-9F76-8A73964EE7AE} = {CF598E46-FB8A-4097-B6D9-903E83724A6F}
		{734DA067-F4CF-4F0A-9CA4-81082087F290} = {CF598E46-FB8A-4097-B6D9-903E83724A6F}
		{362F5B8A-383F-4ACF-B621-AC63BD45982B} = {B84C8EBE-969E-4AD3-B937-B3E1BAE40578}
		{1DF78568-5EB1-475B-BC55-EF3FF77BAF27} = {B84C8EBE-969E-4AD3-B937-B3E1BAE40578}
		{EBC56D52-1DBB-4C20-A99F-A9B410AA81B2} = {B84C8EBE-969E-4AD3-B937-B3E1BAE40578}
		{8874941F-3172-468A-A8A6-39712CE58494} = {B84C8EBE-969E-4AD3-B937-B3E1BAE40578}
		{D1575CE2-DE1A-43A6-BE80-3661718E065D} = {B84C8EBE-969E-4AD3-B937-B3E1BAE40578}
		{996F75BF-12E3-4F1F-87E1-0199E70E94CD} = {B84C8EBE-969E-4AD3-B937-B3E1BAE40578}
		{2018C72A-B9EF-4C4D-9FDA-2E993B791E4E} = {B84C8EBE-969E-4AD3-B937-B3E1BAE40578}
	EndGlobalSection
	GlobalSection(ExtensibilityGlobals) = postSolution
		SolutionGuid = {F033EC11-067F-4D0F-8994-B1FDCBF684CC}
	EndGlobalSection
EndGlobal
